
Microsoft Visual Studio Solution File, Format Version 12.00
# Visual Studio Version 16
VisualStudioVersion = 16.0.30611.23
MinimumVisualStudioVersion = 10.0.40219.1
Project("{FAE04EC0-301F-11D3-BF4B-00C04F79EFBC}") = "Open-Lab-10.00", "Open-Lab-10.00\Open-Lab-10.00.csproj", "{942B2BD7-08BD-4447-BBCB-B646179320C8}"
EndProject
Global
	GlobalSection(SolutionConfigurationPlatforms) = preSolution
		Debug|Any CPU = Debug|Any CPU
		Release|Any CPU = Release|Any CPU
	EndGlobalSection
	GlobalSection(ProjectConfigurationPlatforms) = postSolution
		{942B2BD7-08BD-4447-BBCB-B646179320C8}.Debug|Any CPU.ActiveCfg = Debug|Any CPU
		{942B2BD7-08BD-4447-BBCB-B646179320C8}.Debug|Any CPU.Build.0 = Debug|Any CPU
		{942B2BD7-08BD-4447-BBCB-B646179320C8}.Release|Any CPU.ActiveCfg = Release|Any CPU
		{942B2BD7-08BD-4447-BBCB-B646179320C8}.Release|Any CPU.Build.0 = Release|Any CPU
	EndGlobalSection
	GlobalSection(SolutionProperties) = preSolution
		HideSolutionNode = FALSE
	EndGlobalSection
	GlobalSection(ExtensibilityGlobals) = postSolution
		SolutionGuid = {16101B4D-4FB2-4958-978A-AF731186C093}
	EndGlobalSection
EndGlobal
